
Microsoft Visual Studio Solution File, Format Version 11.00
# Visual Studio 2010
Project("{FAE04EC0-301F-11D3-BF4B-00C04F79EFBC}") = "Website", "..\Website\Website.csproj", "{2440FE1F-6716-4146-91C4-4AACF74447E3}"
EndProject
Project("{FAE04EC0-301F-11D3-BF4B-00C04F79EFBC}") = "Website.Tests", "..\Website.Tests\Website.Tests.csproj", "{05B47E9F-651A-4009-A67E-7324258F7C1E}"
EndProject
Project("{FAE04EC0-301F-11D3-BF4B-00C04F79EFBC}") = "Client", "..\Client\Client.csproj", "{DD747430-CD26-4F16-A7A4-B1C3A50CA59D}"
EndProject
Project("{FAE04EC0-301F-11D3-BF4B-00C04F79EFBC}") = "DataAccess", "..\DataAccess\DataAccess.csproj", "{D04128DA-01D6-4C0A-B8A0-6638FF944313}"
EndProject
Project("{FAE04EC0-301F-11D3-BF4B-00C04F79EFBC}") = "Controllers", "..\Controllers\Controllers.csproj", "{1A1E9CC0-7F60-4C64-9B47-C6C56F6C79CD}"
EndProject
Project("{FAE04EC0-301F-11D3-BF4B-00C04F79EFBC}") = "Objects", "..\Objects\Objects.csproj", "{3AEFE433-F9E3-468F-8C22-02BA203D489A}"
EndProject
Project("{FAE04EC0-301F-11D3-BF4B-00C04F79EFBC}") = "Interfaces", "..\Interfaces\Interfaces.csproj", "{C425FB4B-DD9E-4698-862A-7D4CDC20A391}"
EndProject
Global
	GlobalSection(SolutionConfigurationPlatforms) = preSolution
		Debug|Any CPU = Debug|Any CPU
		Debug|Mixed Platforms = Debug|Mixed Platforms
		Debug|x86 = Debug|x86
		Release|Any CPU = Release|Any CPU
		Release|Mixed Platforms = Release|Mixed Platforms
		Release|x86 = Release|x86
	EndGlobalSection
	GlobalSection(ProjectConfigurationPlatforms) = postSolution
		{2440FE1F-6716-4146-91C4-4AACF74447E3}.Debug|Any CPU.ActiveCfg = Debug|Any CPU
		{2440FE1F-6716-4146-91C4-4AACF74447E3}.Debug|Any CPU.Build.0 = Debug|Any CPU
		{2440FE1F-6716-4146-91C4-4AACF74447E3}.Debug|Mixed Platforms.ActiveCfg = Debug|Any CPU
		{2440FE1F-6716-4146-91C4-4AACF74447E3}.Debug|Mixed Platforms.Build.0 = Debug|Any CPU
		{2440FE1F-6716-4146-91C4-4AACF74447E3}.Debug|x86.ActiveCfg = Debug|Any CPU
		{2440FE1F-6716-4146-91C4-4AACF74447E3}.Release|Any CPU.ActiveCfg = Release|Any CPU
		{2440FE1F-6716-4146-91C4-4AACF74447E3}.Release|Any CPU.Build.0 = Release|Any CPU
		{2440FE1F-6716-4146-91C4-4AACF74447E3}.Release|Mixed Platforms.ActiveCfg = Release|Any CPU
		{2440FE1F-6716-4146-91C4-4AACF74447E3}.Release|Mixed Platforms.Build.0 = Release|Any CPU
		{2440FE1F-6716-4146-91C4-4AACF74447E3}.Release|x86.ActiveCfg = Release|Any CPU
		{05B47E9F-651A-4009-A67E-7324258F7C1E}.Debug|Any CPU.ActiveCfg = Debug|Any CPU
		{05B47E9F-651A-4009-A67E-7324258F7C1E}.Debug|Any CPU.Build.0 = Debug|Any CPU
		{05B47E9F-651A-4009-A67E-7324258F7C1E}.Debug|Mixed Platforms.ActiveCfg = Debug|Any CPU
		{05B47E9F-651A-4009-A67E-7324258F7C1E}.Debug|Mixed Platforms.Build.0 = Debug|Any CPU
		{05B47E9F-651A-4009-A67E-7324258F7C1E}.Debug|x86.ActiveCfg = Debug|Any CPU
		{05B47E9F-651A-4009-A67E-7324258F7C1E}.Release|Any CPU.ActiveCfg = Release|Any CPU
		{05B47E9F-651A-4009-A67E-7324258F7C1E}.Release|Any CPU.Build.0 = Release|Any CPU
		{05B47E9F-651A-4009-A67E-7324258F7C1E}.Release|Mixed Platforms.ActiveCfg = Release|Any CPU
		{05B47E9F-651A-4009-A67E-7324258F7C1E}.Release|Mixed Platforms.Build.0 = Release|Any CPU
		{05B47E9F-651A-4009-A67E-7324258F7C1E}.Release|x86.ActiveCfg = Release|Any CPU
		{DD747430-CD26-4F16-A7A4-B1C3A50CA59D}.Debug|Any CPU.ActiveCfg = Debug|x86
		{DD747430-CD26-4F16-A7A4-B1C3A50CA59D}.Debug|Mixed Platforms.ActiveCfg = Debug|x86
		{DD747430-CD26-4F16-A7A4-B1C3A50CA59D}.Debug|Mixed Platforms.Build.0 = Debug|x86
		{DD747430-CD26-4F16-A7A4-B1C3A50CA59D}.Debug|x86.ActiveCfg = Debug|x86
		{DD747430-CD26-4F16-A7A4-B1C3A50CA59D}.Debug|x86.Build.0 = Debug|x86
		{DD747430-CD26-4F16-A7A4-B1C3A50CA59D}.Release|Any CPU.ActiveCfg = Release|x86
		{DD747430-CD26-4F16-A7A4-B1C3A50CA59D}.Release|Mixed Platforms.ActiveCfg = Release|x86
		{DD747430-CD26-4F16-A7A4-B1C3A50CA59D}.Release|Mixed Platforms.Build.0 = Release|x86
		{DD747430-CD26-4F16-A7A4-B1C3A50CA59D}.Release|x86.ActiveCfg = Release|x86
		{DD747430-CD26-4F16-A7A4-B1C3A50CA59D}.Release|x86.Build.0 = Release|x86
		{D04128DA-01D6-4C0A-B8A0-6638FF944313}.Debug|Any CPU.ActiveCfg = Debug|Any CPU
		{D04128DA-01D6-4C0A-B8A0-6638FF944313}.Debug|Any CPU.Build.0 = Debug|Any CPU
		{D04128DA-01D6-4C0A-B8A0-6638FF944313}.Debug|Mixed Platforms.ActiveCfg = Debug|Any CPU
		{D04128DA-01D6-4C0A-B8A0-6638FF944313}.Debug|Mixed Platforms.Build.0 = Debug|Any CPU
		{D04128DA-01D6-4C0A-B8A0-6638FF944313}.Debug|x86.ActiveCfg = Debug|Any CPU
		{D04128DA-01D6-4C0A-B8A0-6638FF944313}.Release|Any CPU.ActiveCfg = Release|Any CPU
		{D04128DA-01D6-4C0A-B8A0-6638FF944313}.Release|Any CPU.Build.0 = Release|Any CPU
		{D04128DA-01D6-4C0A-B8A0-6638FF944313}.Release|Mixed Platforms.ActiveCfg = Release|Any CPU
		{D04128DA-01D6-4C0A-B8A0-6638FF944313}.Release|Mixed Platforms.Build.0 = Release|Any CPU
		{D04128DA-01D6-4C0A-B8A0-6638FF944313}.Release|x86.ActiveCfg = Release|Any CPU
		{1A1E9CC0-7F60-4C64-9B47-C6C56F6C79CD}.Debug|Any CPU.ActiveCfg = Debug|Any CPU
		{1A1E9CC0-7F60-4C64-9B47-C6C56F6C79CD}.Debug|Any CPU.Build.0 = Debug|Any CPU
		{1A1E9CC0-7F60-4C64-9B47-C6C56F6C79CD}.Debug|Mixed Platforms.ActiveCfg = Debug|Any CPU
		{1A1E9CC0-7F60-4C64-9B47-C6C56F6C79CD}.Debug|Mixed Platforms.Build.0 = Debug|Any CPU
		{1A1E9CC0-7F60-4C64-9B47-C6C56F6C79CD}.Debug|x86.ActiveCfg = Debug|Any CPU
		{1A1E9CC0-7F60-4C64-9B47-C6C56F6C79CD}.Release|Any CPU.ActiveCfg = Release|Any CPU
		{1A1E9CC0-7F60-4C64-9B47-C6C56F6C79CD}.Release|Any CPU.Build.0 = Release|Any CPU
		{1A1E9CC0-7F60-4C64-9B47-C6C56F6C79CD}.Release|Mixed Platforms.ActiveCfg = Release|Any CPU
		{1A1E9CC0-7F60-4C64-9B47-C6C56F6C79CD}.Release|Mixed Platforms.Build.0 = Release|Any CPU
		{1A1E9CC0-7F60-4C64-9B47-C6C56F6C79CD}.Release|x86.ActiveCfg = Release|Any CPU
		{3AEFE433-F9E3-468F-8C22-02BA203D489A}.Debug|Any CPU.ActiveCfg = Debug|Any CPU
		{3AEFE433-F9E3-468F-8C22-02BA203D489A}.Debug|Any CPU.Build.0 = Debug|Any CPU
		{3AEFE433-F9E3-468F-8C22-02BA203D489A}.Debug|Mixed Platforms.ActiveCfg = Debug|Any CPU
		{3AEFE433-F9E3-468F-8C22-02BA203D489A}.Debug|Mixed Platforms.Build.0 = Debug|Any CPU
		{3AEFE433-F9E3-468F-8C22-02BA203D489A}.Debug|x86.ActiveCfg = Debug|Any CPU
		{3AEFE433-F9E3-468F-8C22-02BA203D489A}.Release|Any CPU.ActiveCfg = Release|Any CPU
		{3AEFE433-F9E3-468F-8C22-02BA203D489A}.Release|Any CPU.Build.0 = Release|Any CPU
		{3AEFE433-F9E3-468F-8C22-02BA203D489A}.Release|Mixed Platforms.ActiveCfg = Release|Any CPU
		{3AEFE433-F9E3-468F-8C22-02BA203D489A}.Release|Mixed Platforms.Build.0 = Release|Any CPU
		{3AEFE433-F9E3-468F-8C22-02BA203D489A}.Release|x86.ActiveCfg = Release|Any CPU
		{C425FB4B-DD9E-4698-862A-7D4CDC20A391}.Debug|Any CPU.ActiveCfg = Debug|Any CPU
		{C425FB4B-DD9E-4698-862A-7D4CDC20A391}.Debug|Any CPU.Build.0 = Debug|Any CPU
		{C425FB4B-DD9E-4698-862A-7D4CDC20A391}.Debug|Mixed Platforms.ActiveCfg = Debug|Any CPU
		{C425FB4B-DD9E-4698-862A-7D4CDC20A391}.Debug|Mixed Platforms.Build.0 = Debug|Any CPU
		{C425FB4B-DD9E-4698-862A-7D4CDC20A391}.Debug|x86.ActiveCfg = Debug|Any CPU
		{C425FB4B-DD9E-4698-862A-7D4CDC20A391}.Release|Any CPU.ActiveCfg = Release|Any CPU
		{C425FB4B-DD9E-4698-862A-7D4CDC20A391}.Release|Any CPU.Build.0 = Release|Any CPU
		{C425FB4B-DD9E-4698-862A-7D4CDC20A391}.Release|Mixed Platforms.ActiveCfg = Release|Any CPU
		{C425FB4B-DD9E-4698-862A-7D4CDC20A391}.Release|Mixed Platforms.Build.0 = Release|Any CPU
		{C425FB4B-DD9E-4698-862A-7D4CDC20A391}.Release|x86.ActiveCfg = Release|Any CPU
	EndGlobalSection
	GlobalSection(SolutionProperties) = preSolution
		HideSolutionNode = FALSE
	EndGlobalSection
EndGlobal
